
Microsoft Visual Studio Solution File, Format Version 12.00
# Visual Studio 15
VisualStudioVersion = 15.0.28307.902
MinimumVisualStudioVersion = 10.0.40219.1
Project("{FAE04EC0-301F-11D3-BF4B-00C04F79EFBC}") = "DEV-1", "DEV-1\DEV-1.csproj", "{14BEC7BE-429D-456C-9922-BCB3D25BD2F9}"
EndProject
Project("{FAE04EC0-301F-11D3-BF4B-00C04F79EFBC}") = "DEV-1Tests", "DEV-1StringAnalyzerTests\DEV-1Tests.csproj", "{5A15873F-4CB4-46FF-9ACA-5B17A49D1EA1}"
EndProject
Global
	GlobalSection(SolutionConfigurationPlatforms) = preSolution
		Debug|Any CPU = Debug|Any CPU
		Release|Any CPU = Release|Any CPU
	EndGlobalSection
	GlobalSection(ProjectConfigurationPlatforms) = postSolution
		{14BEC7BE-429D-456C-9922-BCB3D25BD2F9}.Debug|Any CPU.ActiveCfg = Debug|Any CPU
		{14BEC7BE-429D-456C-9922-BCB3D25BD2F9}.Debug|Any CPU.Build.0 = Debug|Any CPU
		{14BEC7BE-429D-456C-9922-BCB3D25BD2F9}.Release|Any CPU.ActiveCfg = Release|Any CPU
		{14BEC7BE-429D-456C-9922-BCB3D25BD2F9}.Release|Any CPU.Build.0 = Release|Any CPU
		{5A15873F-4CB4-46FF-9ACA-5B17A49D1EA1}.Debug|Any CPU.ActiveCfg = Debug|Any CPU
		{5A15873F-4CB4-46FF-9ACA-5B17A49D1EA1}.Debug|Any CPU.Build.0 = Debug|Any CPU
		{5A15873F-4CB4-46FF-9ACA-5B17A49D1EA1}.Release|Any CPU.ActiveCfg = Release|Any CPU
		{5A15873F-4CB4-46FF-9ACA-5B17A49D1EA1}.Release|Any CPU.Build.0 = Release|Any CPU
	EndGlobalSection
	GlobalSection(SolutionProperties) = preSolution
		HideSolutionNode = FALSE
	EndGlobalSection
	GlobalSection(ExtensibilityGlobals) = postSolution
		SolutionGuid = {A8E09C85-EC08-4A5C-B210-414F3DC4B102}
	EndGlobalSection
EndGlobal
